
Microsoft Visual Studio Solution File, Format Version 12.00
# Visual Studio Version 17
VisualStudioVersion = 17.13.35931.197 d17.13
MinimumVisualStudioVersion = 10.0.40219.1
Project("{FAE04EC0-301F-11D3-BF4B-00C04F79EFBC}") = "StarWarsPlanetStats", "StarWarsPlanetStats.csproj", "{1864AAE8-DC8C-45FF-B51D-BE539C9DC3B2}"
EndProject
Global
	GlobalSection(SolutionConfigurationPlatforms) = preSolution
		Debug|Any CPU = Debug|Any CPU
		Release|Any CPU = Release|Any CPU
	EndGlobalSection
	GlobalSection(ProjectConfigurationPlatforms) = postSolution
		{1864AAE8-DC8C-45FF-B51D-BE539C9DC3B2}.Debug|Any CPU.ActiveCfg = Debug|Any CPU
		{1864AAE8-DC8C-45FF-B51D-BE539C9DC3B2}.Debug|Any CPU.Build.0 = Debug|Any CPU
		{1864AAE8-DC8C-45FF-B51D-BE539C9DC3B2}.Release|Any CPU.ActiveCfg = Release|Any CPU
		{1864AAE8-DC8C-45FF-B51D-BE539C9DC3B2}.Release|Any CPU.Build.0 = Release|Any CPU
	EndGlobalSection
	GlobalSection(SolutionProperties) = preSolution
		HideSolutionNode = FALSE
	EndGlobalSection
	GlobalSection(ExtensibilityGlobals) = postSolution
		SolutionGuid = {66FFF888-D2E4-4EBD-B867-334DF8DFF772}
	EndGlobalSection
EndGlobal
